
Microsoft Visual Studio Solution File, Format Version 12.00
# Visual Studio Version 16
VisualStudioVersion = 16.0.31515.178
MinimumVisualStudioVersion = 10.0.40219.1
Project("{888888A0-9F3D-457C-B088-3A5042F75D52}") = "InvoiceLineItem", "InvoiceLineItem\InvoiceLineItem.pyproj", "{4BCEE18F-6C30-49CB-9FF5-8012F28CE45E}"
EndProject
Global
	GlobalSection(SolutionConfigurationPlatforms) = preSolution
		Debug|Any CPU = Debug|Any CPU
		Release|Any CPU = Release|Any CPU
	EndGlobalSection
	GlobalSection(ProjectConfigurationPlatforms) = postSolution
		{4BCEE18F-6C30-49CB-9FF5-8012F28CE45E}.Debug|Any CPU.ActiveCfg = Debug|Any CPU
		{4BCEE18F-6C30-49CB-9FF5-8012F28CE45E}.Release|Any CPU.ActiveCfg = Release|Any CPU
	EndGlobalSection
	GlobalSection(SolutionProperties) = preSolution
		HideSolutionNode = FALSE
	EndGlobalSection
	GlobalSection(ExtensibilityGlobals) = postSolution
		SolutionGuid = {3F0B509B-9358-459D-AAB9-A1AC85786715}
	EndGlobalSection
EndGlobal
